{
  "nodes": {
    "flake-utils": {
      "inputs": {
        "systems": "systems"
      },
      "locked": {
        "lastModified": 1731533236,
        "narHash": "sha256-l0KFg5HjrsfsO/JpG+r7fRrqm12kzFHyUHqHCVpMMbI=",
        "owner": "numtide",
        "repo": "flake-utils",
        "rev": "11707dc2f618dd54ca8739b309ec4fc024de578b",
        "type": "github"
      },
      "original": {
        "owner": "numtide",
        "repo": "flake-utils",
        "type": "github"
      }
    },
    "flake-utils_2": {
      "inputs": {
        "systems": "systems_2"
      },
      "locked": {
        "lastModified": 1731533236,
        "narHash": "sha256-l0KFg5HjrsfsO/JpG+r7fRrqm12kzFHyUHqHCVpMMbI=",
        "owner": "numtide",
        "repo": "flake-utils",
        "rev": "11707dc2f618dd54ca8739b309ec4fc024de578b",
        "type": "github"
      },
      "original": {
        "owner": "numtide",
        "repo": "flake-utils",
        "type": "github"
      }
    },
    "flake-utils_3": {
      "inputs": {
        "systems": "systems_3"
      },
      "locked": {
        "lastModified": 1731533236,
        "narHash": "sha256-l0KFg5HjrsfsO/JpG+r7fRrqm12kzFHyUHqHCVpMMbI=",
        "owner": "numtide",
        "repo": "flake-utils",
        "rev": "11707dc2f618dd54ca8739b309ec4fc024de578b",
        "type": "github"
      },
      "original": {
        "owner": "numtide",
        "repo": "flake-utils",
        "type": "github"
      }
    },
    "flake-utils_4": {
      "inputs": {
        "systems": "systems_4"
      },
      "locked": {
        "lastModified": 1731533236,
        "narHash": "sha256-l0KFg5HjrsfsO/JpG+r7fRrqm12kzFHyUHqHCVpMMbI=",
        "owner": "numtide",
        "repo": "flake-utils",
        "rev": "11707dc2f618dd54ca8739b309ec4fc024de578b",
        "type": "github"
      },
      "original": {
        "owner": "numtide",
        "repo": "flake-utils",
        "type": "github"
      }
    },
    "flake-utils_5": {
      "inputs": {
        "systems": "systems_5"
      },
      "locked": {
        "lastModified": 1731533236,
        "narHash": "sha256-l0KFg5HjrsfsO/JpG+r7fRrqm12kzFHyUHqHCVpMMbI=",
        "owner": "numtide",
        "repo": "flake-utils",
        "rev": "11707dc2f618dd54ca8739b309ec4fc024de578b",
        "type": "github"
      },
      "original": {
        "owner": "numtide",
        "repo": "flake-utils",
        "type": "github"
      }
    },
    "flake-utils_6": {
      "inputs": {
        "systems": "systems_6"
      },
      "locked": {
        "lastModified": 1731533236,
        "narHash": "sha256-l0KFg5HjrsfsO/JpG+r7fRrqm12kzFHyUHqHCVpMMbI=",
        "owner": "numtide",
        "repo": "flake-utils",
        "rev": "11707dc2f618dd54ca8739b309ec4fc024de578b",
        "type": "github"
      },
      "original": {
        "owner": "numtide",
        "repo": "flake-utils",
        "type": "github"
      }
    },
    "flake-utils_7": {
      "inputs": {
        "systems": "systems_7"
      },
      "locked": {
        "lastModified": 1731533236,
        "narHash": "sha256-l0KFg5HjrsfsO/JpG+r7fRrqm12kzFHyUHqHCVpMMbI=",
        "owner": "numtide",
        "repo": "flake-utils",
        "rev": "11707dc2f618dd54ca8739b309ec4fc024de578b",
        "type": "github"
      },
      "original": {
        "owner": "numtide",
        "repo": "flake-utils",
        "type": "github"
      }
    },
    "flake-utils_8": {
      "inputs": {
        "systems": "systems_8"
      },
      "locked": {
        "lastModified": 1731533236,
        "narHash": "sha256-l0KFg5HjrsfsO/JpG+r7fRrqm12kzFHyUHqHCVpMMbI=",
        "owner": "numtide",
        "repo": "flake-utils",
        "rev": "11707dc2f618dd54ca8739b309ec4fc024de578b",
        "type": "github"
      },
      "original": {
        "owner": "numtide",
        "repo": "flake-utils",
        "type": "github"
      }
    },
    "kcli": {
      "inputs": {
        "flake-utils": "flake-utils_2",
        "nixpkgs": [
          "nixpkgs"
        ]
      },
      "locked": {
        "lastModified": 1765514993,
        "narHash": "sha256-B1guVRYqwC2kDh8+Im5Yxk6hz6ns/Rap7Zdg5cuBT3k=",
        "owner": "krscott",
        "repo": "kcli",
        "rev": "bacce58329bffa5c51629cdd0a73763b2ad9a78f",
        "type": "github"
      },
      "original": {
        "owner": "krscott",
        "repo": "kcli",
        "type": "github"
      }
    },
    "kcli_2": {
      "inputs": {
        "flake-utils": "flake-utils_4",
        "nixpkgs": [
          "ktest",
          "nixpkgs"
        ]
      },
      "locked": {
        "lastModified": 1765514762,
        "narHash": "sha256-IG5KbiY1o2eyIYogFyNtDXYSynz+FokQSyTMFrccOvU=",
        "owner": "krscott",
        "repo": "kcli",
        "rev": "f88d8a55827e6bf686a432a92249a0de2c4af317",
        "type": "github"
      },
      "original": {
        "owner": "krscott",
        "repo": "kcli",
        "type": "github"
      }
    },
    "kcli_3": {
      "inputs": {
        "flake-utils": "flake-utils_6",
        "nixpkgs": [
          "ktl",
          "nixpkgs"
        ]
      },
      "locked": {
        "lastModified": 1765514993,
        "narHash": "sha256-B1guVRYqwC2kDh8+Im5Yxk6hz6ns/Rap7Zdg5cuBT3k=",
        "owner": "krscott",
        "repo": "kcli",
        "rev": "bacce58329bffa5c51629cdd0a73763b2ad9a78f",
        "type": "github"
      },
      "original": {
        "owner": "krscott",
        "repo": "kcli",
        "type": "github"
      }
    },
    "kcli_4": {
      "inputs": {
        "flake-utils": "flake-utils_8",
        "nixpkgs": [
          "ktl",
          "ktest",
          "nixpkgs"
        ]
      },
      "locked": {
        "lastModified": 1765514762,
        "narHash": "sha256-IG5KbiY1o2eyIYogFyNtDXYSynz+FokQSyTMFrccOvU=",
        "owner": "krscott",
        "repo": "kcli",
        "rev": "f88d8a55827e6bf686a432a92249a0de2c4af317",
        "type": "github"
      },
      "original": {
        "owner": "krscott",
        "repo": "kcli",
        "type": "github"
      }
    },
    "ktest": {
      "inputs": {
        "flake-utils": "flake-utils_3",
        "kcli": "kcli_2",
        "nixpkgs": [
          "nixpkgs"
        ]
      },
      "locked": {
        "lastModified": 1765514914,
        "narHash": "sha256-Lkz/glUd4IHLvz8SyRcaBsYpXZa7d7Yi2opCnAZNDmI=",
        "owner": "krscott",
        "repo": "ktest",
        "rev": "c4a5f596f423bed052af66153fbadadda3860fc2",
        "type": "github"
      },
      "original": {
        "owner": "krscott",
        "repo": "ktest",
        "type": "github"
      }
    },
    "ktest_2": {
      "inputs": {
        "flake-utils": "flake-utils_7",
        "kcli": "kcli_4",
        "nixpkgs": [
          "ktl",
          "nixpkgs"
        ]
      },
      "locked": {
        "lastModified": 1765514914,
        "narHash": "sha256-Lkz/glUd4IHLvz8SyRcaBsYpXZa7d7Yi2opCnAZNDmI=",
        "owner": "krscott",
        "repo": "ktest",
        "rev": "c4a5f596f423bed052af66153fbadadda3860fc2",
        "type": "github"
      },
      "original": {
        "owner": "krscott",
        "repo": "ktest",
        "type": "github"
      }
    },
    "ktl": {
      "inputs": {
        "flake-utils": "flake-utils_5",
        "kcli": "kcli_3",
        "ktest": "ktest_2",
        "nixpkgs": [
          "nixpkgs"
        ]
      },
      "locked": {
        "lastModified": 1765515751,
        "narHash": "sha256-vOlldUWG4e5N3YjKOfmEh7ovOlb/37g6vlfFN27rhmY=",
        "owner": "krscott",
        "repo": "ktl",
        "rev": "2d778ee77f9dc9f4a719e73b77a0d8f8233838f0",
        "type": "github"
      },
      "original": {
        "owner": "krscott",
        "repo": "ktl",
        "type": "github"
      }
    },
    "nixpkgs": {
      "locked": {
        "lastModified": 1765186076,
        "narHash": "sha256-hM20uyap1a0M9d344I692r+ik4gTMyj60cQWO+hAYP8=",
        "owner": "NixOS",
        "repo": "nixpkgs",
        "rev": "addf7cf5f383a3101ecfba091b98d0a1263dc9b8",
        "type": "github"
      },
      "original": {
        "owner": "NixOS",
        "ref": "nixos-unstable",
        "repo": "nixpkgs",
        "type": "github"
      }
    },
    "root": {
      "inputs": {
        "flake-utils": "flake-utils",
        "kcli": "kcli",
        "ktest": "ktest",
        "ktl": "ktl",
        "nixpkgs": "nixpkgs"
      }
    },
    "systems": {
      "locked": {
        "lastModified": 1681028828,
        "narHash": "sha256-Vy1rq5AaRuLzOxct8nz4T6wlgyUR7zLU309k9mBC768=",
        "owner": "nix-systems",
        "repo": "default",
        "rev": "da67096a3b9bf56a91d16901293e51ba5b49a27e",
        "type": "github"
      },
      "original": {
        "owner": "nix-systems",
        "repo": "default",
        "type": "github"
      }
    },
    "systems_2": {
      "locked": {
        "lastModified": 1681028828,
        "narHash": "sha256-Vy1rq5AaRuLzOxct8nz4T6wlgyUR7zLU309k9mBC768=",
        "owner": "nix-systems",
        "repo": "default",
        "rev": "da67096a3b9bf56a91d16901293e51ba5b49a27e",
        "type": "github"
      },
      "original": {
        "owner": "nix-systems",
        "repo": "default",
        "type": "github"
      }
    },
    "systems_3": {
      "locked": {
        "lastModified": 1681028828,
        "narHash": "sha256-Vy1rq5AaRuLzOxct8nz4T6wlgyUR7zLU309k9mBC768=",
        "owner": "nix-systems",
        "repo": "default",
        "rev": "da67096a3b9bf56a91d16901293e51ba5b49a27e",
        "type": "github"
      },
      "original": {
        "owner": "nix-systems",
        "repo": "default",
        "type": "github"
      }
    },
    "systems_4": {
      "locked": {
        "lastModified": 1681028828,
        "narHash": "sha256-Vy1rq5AaRuLzOxct8nz4T6wlgyUR7zLU309k9mBC768=",
        "owner": "nix-systems",
        "repo": "default",
        "rev": "da67096a3b9bf56a91d16901293e51ba5b49a27e",
        "type": "github"
      },
      "original": {
        "owner": "nix-systems",
        "repo": "default",
        "type": "github"
      }
    },
    "systems_5": {
      "locked": {
        "lastModified": 1681028828,
        "narHash": "sha256-Vy1rq5AaRuLzOxct8nz4T6wlgyUR7zLU309k9mBC768=",
        "owner": "nix-systems",
        "repo": "default",
        "rev": "da67096a3b9bf56a91d16901293e51ba5b49a27e",
        "type": "github"
      },
      "original": {
        "owner": "nix-systems",
        "repo": "default",
        "type": "github"
      }
    },
    "systems_6": {
      "locked": {
        "lastModified": 1681028828,
        "narHash": "sha256-Vy1rq5AaRuLzOxct8nz4T6wlgyUR7zLU309k9mBC768=",
        "owner": "nix-systems",
        "repo": "default",
        "rev": "da67096a3b9bf56a91d16901293e51ba5b49a27e",
        "type": "github"
      },
      "original": {
        "owner": "nix-systems",
        "repo": "default",
        "type": "github"
      }
    },
    "systems_7": {
      "locked": {
        "lastModified": 1681028828,
        "narHash": "sha256-Vy1rq5AaRuLzOxct8nz4T6wlgyUR7zLU309k9mBC768=",
        "owner": "nix-systems",
        "repo": "default",
        "rev": "da67096a3b9bf56a91d16901293e51ba5b49a27e",
        "type": "github"
      },
      "original": {
        "owner": "nix-systems",
        "repo": "default",
        "type": "github"
      }
    },
    "systems_8": {
      "locked": {
        "lastModified": 1681028828,
        "narHash": "sha256-Vy1rq5AaRuLzOxct8nz4T6wlgyUR7zLU309k9mBC768=",
        "owner": "nix-systems",
        "repo": "default",
        "rev": "da67096a3b9bf56a91d16901293e51ba5b49a27e",
        "type": "github"
      },
      "original": {
        "owner": "nix-systems",
        "repo": "default",
        "type": "github"
      }
    }
  },
  "root": "root",
  "version": 7
}
